
Microsoft Visual Studio Solution File, Format Version 12.00
# Visual Studio Version 17
VisualStudioVersion = 17.5.002.0
MinimumVisualStudioVersion = 10.0.40219.1
Project("{2150E333-8FDC-42A3-9474-1A3956D46DE8}") = "csharp-prep", "csharp-prep", "{1D021A7B-9AB3-4424-97FB-EC8A72D42EDC}"
EndProject
Project("{9A19103F-16F7-4668-BE54-9A1E7A4F7556}") = "Prep1", "csharp-prep\Prep1\Prep1.csproj", "{CFABDC63-4D78-4497-8476-244A153D83F5}"
EndProject
Project("{9A19103F-16F7-4668-BE54-9A1E7A4F7556}") = "Prep2", "csharp-prep\Prep2\Prep2.csproj", "{9CCFA3A4-4334-4519-8BF8-6AE996D7B382}"
EndProject
Project("{9A19103F-16F7-4668-BE54-9A1E7A4F7556}") = "Prep3", "csharp-prep\Prep3\Prep3.csproj", "{CE4EE906-23B1-40D4-B81F-6D9D5D99D758}"
EndProject
Project("{9A19103F-16F7-4668-BE54-9A1E7A4F7556}") = "Prep4", "csharp-prep\Prep4\Prep4.csproj", "{BDFE1749-A538-434D-9C4D-4717F646C8D1}"
EndProject
Project("{9A19103F-16F7-4668-BE54-9A1E7A4F7556}") = "Prep5", "csharp-prep\Prep5\Prep5.csproj", "{E083E744-450F-4507-8653-1C84EEB3D29E}"
EndProject
Project("{2150E333-8FDC-42A3-9474-1A3956D46DE8}") = "final", "final", "{C8DE16F1-14E0-4D04-81FF-9BF621AFA544}"
EndProject
Project("{9A19103F-16F7-4668-BE54-9A1E7A4F7556}") = "FinalProject", "final\FinalProject\FinalProject.csproj", "{A456BCAA-323E-476D-934E-7D81BDDA7A1A}"
EndProject
Project("{9A19103F-16F7-4668-BE54-9A1E7A4F7556}") = "Foundation1", "final\Foundation1\Foundation1.csproj", "{231147C2-62EC-4509-B7A1-0C98C0D05659}"
EndProject
Project("{9A19103F-16F7-4668-BE54-9A1E7A4F7556}") = "Foundation2", "final\Foundation2\Foundation2.csproj", "{0EA80101-3E06-4E8C-BA7B-21056F923FCF}"
EndProject
Project("{9A19103F-16F7-4668-BE54-9A1E7A4F7556}") = "Foundation3", "final\Foundation3\Foundation3.csproj", "{B21F30C4-5751-444D-8A60-56C9EAFE9668}"
EndProject
Project("{9A19103F-16F7-4668-BE54-9A1E7A4F7556}") = "Foundation4", "final\Foundation4\Foundation4.csproj", "{02C68ED4-81C2-4BB3-8B9D-C439E1B98A68}"
EndProject
Project("{2150E333-8FDC-42A3-9474-1A3956D46DE8}") = "prepare", "prepare", "{CB1FB584-0D3C-4114-94C8-E707EA71E2C9}"
EndProject
Project("{9A19103F-16F7-4668-BE54-9A1E7A4F7556}") = "Learning02", "prepare\Learning02\Learning02.csproj", "{5A5C565D-5D25-4042-93EC-1F225A40BAFE}"
EndProject
Project("{9A19103F-16F7-4668-BE54-9A1E7A4F7556}") = "Learning03", "prepare\Learning03\Learning03.csproj", "{CF67C5A4-EEBE-4FED-987D-66FCFF46F384}"
EndProject
Project("{9A19103F-16F7-4668-BE54-9A1E7A4F7556}") = "Learning04", "prepare\Learning04\Learning04.csproj", "{A989C995-A4E9-492B-B354-587238301B46}"
EndProject
Project("{9A19103F-16F7-4668-BE54-9A1E7A4F7556}") = "Learning05", "prepare\Learning05\Learning05.csproj", "{496AC4CD-4FC2-468F-B4CB-5FC0123C9821}"
EndProject
Project("{2150E333-8FDC-42A3-9474-1A3956D46DE8}") = "prove", "prove", "{3ED00150-9832-4635-B851-60FB50C504ED}"
EndProject
Project("{9A19103F-16F7-4668-BE54-9A1E7A4F7556}") = "Develop02", "prove\Develop02\Develop02.csproj", "{1D02DB09-0E55-4202-9402-41BBD0926E80}"
EndProject
Project("{9A19103F-16F7-4668-BE54-9A1E7A4F7556}") = "Develop03", "prove\Develop03\Develop03.csproj", "{628358D4-66E8-445C-A680-DA7EB02C9BA1}"
EndProject
Project("{9A19103F-16F7-4668-BE54-9A1E7A4F7556}") = "Develop04", "prove\Develop04\Develop04.csproj", "{07DB1410-A832-49D7-9271-7346D9017761}"
EndProject
Project("{9A19103F-16F7-4668-BE54-9A1E7A4F7556}") = "Develop05", "prove\Develop05\Develop05.csproj", "{649049B4-578A-4F08-A70C-34F0B332521B}"
EndProject
Project("{2150E333-8FDC-42A3-9474-1A3956D46DE8}") = "sandbox", "sandbox", "{21BFFE22-92F9-4CC1-B0BC-4EED9337FD1A}"
EndProject
Project("{9A19103F-16F7-4668-BE54-9A1E7A4F7556}") = "Sandbox", "sandbox\Sandbox\Sandbox.csproj", "{5F3A00A0-0601-45A2-9412-1EDB79CAF1E7}"
EndProject
Global
	GlobalSection(SolutionConfigurationPlatforms) = preSolution
		Debug|Any CPU = Debug|Any CPU
		Release|Any CPU = Release|Any CPU
	EndGlobalSection
	GlobalSection(ProjectConfigurationPlatforms) = postSolution
		{CFABDC63-4D78-4497-8476-244A153D83F5}.Debug|Any CPU.ActiveCfg = Debug|Any CPU
		{CFABDC63-4D78-4497-8476-244A153D83F5}.Debug|Any CPU.Build.0 = Debug|Any CPU
		{CFABDC63-4D78-4497-8476-244A153D83F5}.Release|Any CPU.ActiveCfg = Release|Any CPU
		{CFABDC63-4D78-4497-8476-244A153D83F5}.Release|Any CPU.Build.0 = Release|Any CPU
		{9CCFA3A4-4334-4519-8BF8-6AE996D7B382}.Debug|Any CPU.ActiveCfg = Debug|Any CPU
		{9CCFA3A4-4334-4519-8BF8-6AE996D7B382}.Debug|Any CPU.Build.0 = Debug|Any CPU
		{9CCFA3A4-4334-4519-8BF8-6AE996D7B382}.Release|Any CPU.ActiveCfg = Release|Any CPU
		{9CCFA3A4-4334-4519-8BF8-6AE996D7B382}.Release|Any CPU.Build.0 = Release|Any CPU
		{CE4EE906-23B1-40D4-B81F-6D9D5D99D758}.Debug|Any CPU.ActiveCfg = Debug|Any CPU
		{CE4EE906-23B1-40D4-B81F-6D9D5D99D758}.Debug|Any CPU.Build.0 = Debug|Any CPU
		{CE4EE906-23B1-40D4-B81F-6D9D5D99D758}.Release|Any CPU.ActiveCfg = Release|Any CPU
		{CE4EE906-23B1-40D4-B81F-6D9D5D99D758}.Release|Any CPU.Build.0 = Release|Any CPU
		{BDFE1749-A538-434D-9C4D-4717F646C8D1}.Debug|Any CPU.ActiveCfg = Debug|Any CPU
		{BDFE1749-A538-434D-9C4D-4717F646C8D1}.Debug|Any CPU.Build.0 = Debug|Any CPU
		{BDFE1749-A538-434D-9C4D-4717F646C8D1}.Release|Any CPU.ActiveCfg = Release|Any CPU
		{BDFE1749-A538-434D-9C4D-4717F646C8D1}.Release|Any CPU.Build.0 = Release|Any CPU
		{E083E744-450F-4507-8653-1C84EEB3D29E}.Debug|Any CPU.ActiveCfg = Debug|Any CPU
		{E083E744-450F-4507-8653-1C84EEB3D29E}.Debug|Any CPU.Build.0 = Debug|Any CPU
		{E083E744-450F-4507-8653-1C84EEB3D29E}.Release|Any CPU.ActiveCfg = Release|Any CPU
		{E083E744-450F-4507-8653-1C84EEB3D29E}.Release|Any CPU.Build.0 = Release|Any CPU
		{A456BCAA-323E-476D-934E-7D81BDDA7A1A}.Debug|Any CPU.ActiveCfg = Debug|Any CPU
		{A456BCAA-323E-476D-934E-7D81BDDA7A1A}.Debug|Any CPU.Build.0 = Debug|Any CPU
		{A456BCAA-323E-476D-934E-7D81BDDA7A1A}.Release|Any CPU.ActiveCfg = Release|Any CPU
		{A456BCAA-323E-476D-934E-7D81BDDA7A1A}.Release|Any CPU.Build.0 = Release|Any CPU
		{231147C2-62EC-4509-B7A1-0C98C0D05659}.Debug|Any CPU.ActiveCfg = Debug|Any CPU
		{231147C2-62EC-4509-B7A1-0C98C0D05659}.Debug|Any CPU.Build.0 = Debug|Any CPU
		{231147C2-62EC-4509-B7A1-0C98C0D05659}.Release|Any CPU.ActiveCfg = Release|Any CPU
		{231147C2-62EC-4509-B7A1-0C98C0D05659}.Release|Any CPU.Build.0 = Release|Any CPU
		{0EA80101-3E06-4E8C-BA7B-21056F923FCF}.Debug|Any CPU.ActiveCfg = Debug|Any CPU
		{0EA80101-3E06-4E8C-BA7B-21056F923FCF}.Debug|Any CPU.Build.0 = Debug|Any CPU
		{0EA80101-3E06-4E8C-BA7B-21056F923FCF}.Release|Any CPU.ActiveCfg = Release|Any CPU
		{0EA80101-3E06-4E8C-BA7B-21056F923FCF}.Release|Any CPU.Build.0 = Release|Any CPU
		{B21F30C4-5751-444D-8A60-56C9EAFE9668}.Debug|Any CPU.ActiveCfg = Debug|Any CPU
		{B21F30C4-5751-444D-8A60-56C9EAFE9668}.Debug|Any CPU.Build.0 = Debug|Any CPU
		{B21F30C4-5751-444D-8A60-56C9EAFE9668}.Release|Any CPU.ActiveCfg = Release|Any CPU
		{B21F30C4-5751-444D-8A60-56C9EAFE9668}.Release|Any CPU.Build.0 = Release|Any CPU
		{02C68ED4-81C2-4BB3-8B9D-C439E1B98A68}.Debug|Any CPU.ActiveCfg = Debug|Any CPU
		{02C68ED4-81C2-4BB3-8B9D-C439E1B98A68}.Debug|Any CPU.Build.0 = Debug|Any CPU
		{02C68ED4-81C2-4BB3-8B9D-C439E1B98A68}.Release|Any CPU.ActiveCfg = Release|Any CPU
		{02C68ED4-81C2-4BB3-8B9D-C439E1B98A68}.Release|Any CPU.Build.0 = Release|Any CPU
		{5A5C565D-5D25-4042-93EC-1F225A40BAFE}.Debug|Any CPU.ActiveCfg = Debug|Any CPU
		{5A5C565D-5D25-4042-93EC-1F225A40BAFE}.Debug|Any CPU.Build.0 = Debug|Any CPU
		{5A5C565D-5D25-4042-93EC-1F225A40BAFE}.Release|Any CPU.ActiveCfg = Release|Any CPU
		{5A5C565D-5D25-4042-93EC-1F225A40BAFE}.Release|Any CPU.Build.0 = Release|Any CPU
		{CF67C5A4-EEBE-4FED-987D-66FCFF46F384}.Debug|Any CPU.ActiveCfg = Debug|Any CPU
		{CF67C5A4-EEBE-4FED-987D-66FCFF46F384}.Debug|Any CPU.Build.0 = Debug|Any CPU
		{CF67C5A4-EEBE-4FED-987D-66FCFF46F384}.Release|Any CPU.ActiveCfg = Release|Any CPU
		{CF67C5A4-EEBE-4FED-987D-66FCFF46F384}.Release|Any CPU.Build.0 = Release|Any CPU
		{A989C995-A4E9-492B-B354-587238301B46}.Debug|Any CPU.ActiveCfg = Debug|Any CPU
		{A989C995-A4E9-492B-B354-587238301B46}.Debug|Any CPU.Build.0 = Debug|Any CPU
		{A989C995-A4E9-492B-B354-587238301B46}.Release|Any CPU.ActiveCfg = Release|Any CPU
		{A989C995-A4E9-492B-B354-587238301B46}.Release|Any CPU.Build.0 = Release|Any CPU
		{496AC4CD-4FC2-468F-B4CB-5FC0123C9821}.Debug|Any CPU.ActiveCfg = Debug|Any CPU
		{496AC4CD-4FC2-468F-B4CB-5FC0123C9821}.Debug|Any CPU.Build.0 = Debug|Any CPU
		{496AC4CD-4FC2-468F-B4CB-5FC0123C9821}.Release|Any CPU.ActiveCfg = Release|Any CPU
		{496AC4CD-4FC2-468F-B4CB-5FC0123C9821}.Release|Any CPU.Build.0 = Release|Any CPU
		{1D02DB09-0E55-4202-9402-41BBD0926E80}.Debug|Any CPU.ActiveCfg = Debug|Any CPU
		{1D02DB09-0E55-4202-9402-41BBD0926E80}.Debug|Any CPU.Build.0 = Debug|Any CPU
		{1D02DB09-0E55-4202-9402-41BBD0926E80}.Release|Any CPU.ActiveCfg = Release|Any CPU
		{1D02DB09-0E55-4202-9402-41BBD0926E80}.Release|Any CPU.Build.0 = Release|Any CPU
		{628358D4-66E8-445C-A680-DA7EB02C9BA1}.Debug|Any CPU.ActiveCfg = Debug|Any CPU
		{628358D4-66E8-445C-A680-DA7EB02C9BA1}.Debug|Any CPU.Build.0 = Debug|Any CPU
		{628358D4-66E8-445C-A680-DA7EB02C9BA1}.Release|Any CPU.ActiveCfg = Release|Any CPU
		{628358D4-66E8-445C-A680-DA7EB02C9BA1}.Release|Any CPU.Build.0 = Release|Any CPU
		{07DB1410-A832-49D7-9271-7346D9017761}.Debug|Any CPU.ActiveCfg = Debug|Any CPU
		{07DB1410-A832-49D7-9271-7346D9017761}.Debug|Any CPU.Build.0 = Debug|Any CPU
		{07DB1410-A832-49D7-9271-7346D9017761}.Release|Any CPU.ActiveCfg = Release|Any CPU
		{07DB1410-A832-49D7-9271-7346D9017761}.Release|Any CPU.Build.0 = Release|Any CPU
		{649049B4-578A-4F08-A70C-34F0B332521B}.Debug|Any CPU.ActiveCfg = Debug|Any CPU
		{649049B4-578A-4F08-A70C-34F0B332521B}.Debug|Any CPU.Build.0 = Debug|Any CPU
		{649049B4-578A-4F08-A70C-34F0B332521B}.Release|Any CPU.ActiveCfg = Release|Any CPU
		{649049B4-578A-4F08-A70C-34F0B332521B}.Release|Any CPU.Build.0 = Release|Any CPU
		{5F3A00A0-0601-45A2-9412-1EDB79CAF1E7}.Debug|Any CPU.ActiveCfg = Debug|Any CPU
		{5F3A00A0-0601-45A2-9412-1EDB79CAF1E7}.Debug|Any CPU.Build.0 = Debug|Any CPU
		{5F3A00A0-0601-45A2-9412-1EDB79CAF1E7}.Release|Any CPU.ActiveCfg = Release|Any CPU
		{5F3A00A0-0601-45A2-9412-1EDB79CAF1E7}.Release|Any CPU.Build.0 = Release|Any CPU
	EndGlobalSection
	GlobalSection(SolutionProperties) = preSolution
		HideSolutionNode = FALSE
	EndGlobalSection
	GlobalSection(NestedProjects) = preSolution
		{CFABDC63-4D78-4497-8476-244A153D83F5} = {1D021A7B-9AB3-4424-97FB-EC8A72D42EDC}
		{9CCFA3A4-4334-4519-8BF8-6AE996D7B382} = {1D021A7B-9AB3-4424-97FB-EC8A72D42EDC}
		{CE4EE906-23B1-40D4-B81F-6D9D5D99D758} = {1D021A7B-9AB3-4424-97FB-EC8A72D42EDC}
		{BDFE1749-A538-434D-9C4D-4717F646C8D1} = {1D021A7B-9AB3-4424-97FB-EC8A72D42EDC}
		{E083E744-450F-4507-8653-1C84EEB3D29E} = {1D021A7B-9AB3-4424-97FB-EC8A72D42EDC}
		{A456BCAA-323E-476D-934E-7D81BDDA7A1A} = {C8DE16F1-14E0-4D04-81FF-9BF621AFA544}
		{231147C2-62EC-4509-B7A1-0C98C0D05659} = {C8DE16F1-14E0-4D04-81FF-9BF621AFA544}
		{0EA80101-3E06-4E8C-BA7B-21056F923FCF} = {C8DE16F1-14E0-4D04-81FF-9BF621AFA544}
		{B21F30C4-5751-444D-8A60-56C9EAFE9668} = {C8DE16F1-14E0-4D04-81FF-9BF621AFA544}
		{02C68ED4-81C2-4BB3-8B9D-C439E1B98A68} = {C8DE16F1-14E0-4D04-81FF-9BF621AFA544}
		{5A5C565D-5D25-4042-93EC-1F225A40BAFE} = {CB1FB584-0D3C-4114-94C8-E707EA71E2C9}
		{CF67C5A4-EEBE-4FED-987D-66FCFF46F384} = {CB1FB584-0D3C-4114-94C8-E707EA71E2C9}
		{A989C995-A4E9-492B-B354-587238301B46} = {CB1FB584-0D3C-4114-94C8-E707EA71E2C9}
		{496AC4CD-4FC2-468F-B4CB-5FC0123C9821} = {CB1FB584-0D3C-4114-94C8-E707EA71E2C9}
		{1D02DB09-0E55-4202-9402-41BBD0926E80} = {3ED00150-9832-4635-B851-60FB50C504ED}
		{628358D4-66E8-445C-A680-DA7EB02C9BA1} = {3ED00150-9832-4635-B851-60FB50C504ED}
		{07DB1410-A832-49D7-9271-7346D9017761} = {3ED00150-9832-4635-B851-60FB50C504ED}
		{649049B4-578A-4F08-A70C-34F0B332521B} = {3ED00150-9832-4635-B851-60FB50C504ED}
		{5F3A00A0-0601-45A2-9412-1EDB79CAF1E7} = {21BFFE22-92F9-4CC1-B0BC-4EED9337FD1A}
	EndGlobalSection
	GlobalSection(ExtensibilityGlobals) = postSolution
		SolutionGuid = {EAAA4602-36DE-4C3A-AB5F-43B54D5976E6}
	EndGlobalSection
EndGlobal
